{
  "requires": true,
  "lockfileVersion": 1,
  "dependencies": {
    "react-vk": {
      "version": "5.0.2",
      "resolved": "https://registry.npmjs.org/react-vk/-/react-vk-5.0.2.tgz",
      "integrity": "sha512-fjlznPH3o4lsOyKUzOXyWmfIELtd/CR6ZOeJsOhIH3TMI/T7QH8acdEWJH9Bz2Ivd9pa/MN9WMr00G9F25TDUg=="
    }
  }
}
