
Microsoft Visual Studio Solution File, Format Version 12.00
# Visual Studio 15
VisualStudioVersion = 15.0.28307.1169
MinimumVisualStudioVersion = 10.0.40219.1
Project("{9A19103F-16F7-4668-BE54-9A1E7A4F7556}") = "PremiereReact", "PremiereReact\PremiereReact.csproj", "{241EE034-7169-4314-96EC-1F9A317E0863}"
EndProject
Project("{FAE04EC0-301F-11D3-BF4B-00C04F79EFBC}") = "PremiereWpf", "PremiereWpf\PremiereWpf.csproj", "{554617B0-EC6F-41B9-A43D-9CCA0742C241}"
EndProject
Project("{FAE04EC0-301F-11D3-BF4B-00C04F79EFBC}") = "CommonModels", "CommonModels\CommonModels.csproj", "{EB3895CF-C95D-494B-A9E9-9F30FC28EC1F}"
EndProject
Global
	GlobalSection(SolutionConfigurationPlatforms) = preSolution
		Debug|Any CPU = Debug|Any CPU
		Release|Any CPU = Release|Any CPU
	EndGlobalSection
	GlobalSection(ProjectConfigurationPlatforms) = postSolution
		{241EE034-7169-4314-96EC-1F9A317E0863}.Debug|Any CPU.ActiveCfg = Debug|Any CPU
		{241EE034-7169-4314-96EC-1F9A317E0863}.Debug|Any CPU.Build.0 = Debug|Any CPU
		{241EE034-7169-4314-96EC-1F9A317E0863}.Release|Any CPU.ActiveCfg = Release|Any CPU
		{241EE034-7169-4314-96EC-1F9A317E0863}.Release|Any CPU.Build.0 = Release|Any CPU
		{554617B0-EC6F-41B9-A43D-9CCA0742C241}.Debug|Any CPU.ActiveCfg = Debug|Any CPU
		{554617B0-EC6F-41B9-A43D-9CCA0742C241}.Debug|Any CPU.Build.0 = Debug|Any CPU
		{554617B0-EC6F-41B9-A43D-9CCA0742C241}.Release|Any CPU.ActiveCfg = Release|Any CPU
		{554617B0-EC6F-41B9-A43D-9CCA0742C241}.Release|Any CPU.Build.0 = Release|Any CPU
		{EB3895CF-C95D-494B-A9E9-9F30FC28EC1F}.Debug|Any CPU.ActiveCfg = Debug|Any CPU
		{EB3895CF-C95D-494B-A9E9-9F30FC28EC1F}.Debug|Any CPU.Build.0 = Debug|Any CPU
		{EB3895CF-C95D-494B-A9E9-9F30FC28EC1F}.Release|Any CPU.ActiveCfg = Release|Any CPU
		{EB3895CF-C95D-494B-A9E9-9F30FC28EC1F}.Release|Any CPU.Build.0 = Release|Any CPU
	EndGlobalSection
	GlobalSection(SolutionProperties) = preSolution
		HideSolutionNode = FALSE
	EndGlobalSection
	GlobalSection(ExtensibilityGlobals) = postSolution
		SolutionGuid = {BCDAF738-9B7B-4B80-A8B0-DE0688FD5959}
	EndGlobalSection
EndGlobal
